
Microsoft Visual Studio Solution File, Format Version 12.00
Project("{8BC9CEB8-8B4A-11D0-8D11-00A0C91BC942}") = "ConsoleApplication4", "ConsoleApplication4\ConsoleApplication4.vcxproj", "{7C1DC713-C867-4E21-AE8E-8C9703B0E1D1}"
EndProject
Project("{8BC9CEB8-8B4A-11D0-8D11-00A0C91BC942}") = "ConsoleApplication5", "ConsoleApplication5\ConsoleApplication5.vcxproj", "{3F718C5C-D6C9-44C7-8A7F-4A345AC57227}"
EndProject
Project("{8BC9CEB8-8B4A-11D0-8D11-00A0C91BC942}") = "ConsoleApplication6", "ConsoleApplication6\ConsoleApplication6.vcxproj", "{507FC581-F426-4AF2-B87E-1129A7F9EE16}"
EndProject
Project("{8BC9CEB8-8B4A-11D0-8D11-00A0C91BC942}") = "ConsoleApplication7", "ConsoleApplication7\ConsoleApplication7.vcxproj", "{5DA7C245-AC09-48E5-BD84-8F8AA31EA660}"
EndProject
Project("{8BC9CEB8-8B4A-11D0-8D11-00A0C91BC942}") = "ConsoleApplication8", "ConsoleApplication8\ConsoleApplication8.vcxproj", "{B0640DC5-7972-47B1-AC3C-780330BF038F}"
EndProject
Project("{8BC9CEB8-8B4A-11D0-8D11-00A0C91BC942}") = "ConsoleApplication9", "ConsoleApplication9\ConsoleApplication9.vcxproj", "{64A6EA74-E670-4E3A-BB33-0887AB43CCF4}"
EndProject
Project("{8BC9CEB8-8B4A-11D0-8D11-00A0C91BC942}") = "ConsoleApplication10", "ConsoleApplication10\ConsoleApplication10.vcxproj", "{DEC1B26C-83D4-4EEE-BA47-9B7CB5F944E1}"
EndProject
Project("{8BC9CEB8-8B4A-11D0-8D11-00A0C91BC942}") = "ConsoleApplication12", "ConsoleApplication12\ConsoleApplication12.vcxproj", "{74949EB7-F8A4-4EA4-BB19-B591E4D773EC}"
EndProject
Project("{8BC9CEB8-8B4A-11D0-8D11-00A0C91BC942}") = "lesson1", "lesson1\lesson1.vcxproj", "{5BA05CD1-7A7E-417F-9726-16CED772F432}"
EndProject
Project("{8BC9CEB8-8B4A-11D0-8D11-00A0C91BC942}") = "ConsoleApplication11", "ConsoleApplication11\ConsoleApplication11.vcxproj", "{B6DD6DBC-AF68-47E7-81F0-2C4EF7BA8B6F}"
EndProject
Project("{8BC9CEB8-8B4A-11D0-8D11-00A0C91BC942}") = "ConsoleApplication13", "ConsoleApplication13\ConsoleApplication13.vcxproj", "{641D1827-506D-4D37-A1A1-8BFB6F6A9999}"
EndProject
Project("{8BC9CEB8-8B4A-11D0-8D11-00A0C91BC942}") = "ConsoleApplication14", "ConsoleApplication14\ConsoleApplication14.vcxproj", "{EC56648B-C739-4156-BF08-E612F59531CE}"
EndProject
Project("{8BC9CEB8-8B4A-11D0-8D11-00A0C91BC942}") = "ConsoleApplication15", "ConsoleApplication15\ConsoleApplication15.vcxproj", "{03ED8F23-679E-442C-96A0-A8B6F163C27F}"
EndProject
Project("{8BC9CEB8-8B4A-11D0-8D11-00A0C91BC942}") = "ConsoleApplication16", "ConsoleApplication16\ConsoleApplication16.vcxproj", "{95CE5FBF-304E-4233-9D4B-D1E34A86732E}"
EndProject
Project("{8BC9CEB8-8B4A-11D0-8D11-00A0C91BC942}") = "ConsoleApplication17", "ConsoleApplication17\ConsoleApplication17.vcxproj", "{F46AAF90-CC87-4052-9200-E66943B90DCE}"
EndProject
Project("{8BC9CEB8-8B4A-11D0-8D11-00A0C91BC942}") = "ConsoleApplication18", "ConsoleApplication18\ConsoleApplication18.vcxproj", "{002D0F84-668C-4677-9871-EB3E27D2737B}"
EndProject
Project("{8BC9CEB8-8B4A-11D0-8D11-00A0C91BC942}") = "ConsoleApplication19", "ConsoleApplication19\ConsoleApplication19.vcxproj", "{37A3C578-8934-452E-96DA-749B091410A7}"
EndProject
Project("{8BC9CEB8-8B4A-11D0-8D11-00A0C91BC942}") = "ConsoleApplication20", "ConsoleApplication20\ConsoleApplication20.vcxproj", "{084264B2-366E-4FDF-906A-104C8FC8B4FD}"
EndProject
Project("{8BC9CEB8-8B4A-11D0-8D11-00A0C91BC942}") = "ConsoleApplication21", "ConsoleApplication21\ConsoleApplication21.vcxproj", "{C8958A31-FE35-4CC3-95CF-AED7EF484C21}"
EndProject
Project("{8BC9CEB8-8B4A-11D0-8D11-00A0C91BC942}") = "ConsoleApplication22", "ConsoleApplication22\ConsoleApplication22.vcxproj", "{956B1D57-8246-489B-BF41-F6F4E87D9BC5}"
EndProject
Project("{8BC9CEB8-8B4A-11D0-8D11-00A0C91BC942}") = "smarttaxi", "smarttaxi\smarttaxi.vcxproj", "{582153D0-D19A-423A-9BD5-CCA41B93BA52}"
EndProject
Project("{8BC9CEB8-8B4A-11D0-8D11-00A0C91BC942}") = "ConsoleApplication23", "ConsoleApplication23\ConsoleApplication23.vcxproj", "{00A3AB01-A140-40F8-A805-FD5E4BCC5F32}"
EndProject
Project("{8BC9CEB8-8B4A-11D0-8D11-00A0C91BC942}") = "Conk", "Conk\Conk.vcxproj", "{73947E0E-A5B6-42FD-8EB4-A9824BD70EF3}"
EndProject
Global
	GlobalSection(SolutionConfigurationPlatforms) = preSolution
		Debug|Win32 = Debug|Win32
		Debug|x64 = Debug|x64
		Release|Win32 = Release|Win32
		Release|x64 = Release|x64
	EndGlobalSection
	GlobalSection(ProjectConfigurationPlatforms) = postSolution
		{7C1DC713-C867-4E21-AE8E-8C9703B0E1D1}.Debug|Win32.ActiveCfg = Debug|Win32
		{7C1DC713-C867-4E21-AE8E-8C9703B0E1D1}.Debug|Win32.Build.0 = Debug|Win32
		{7C1DC713-C867-4E21-AE8E-8C9703B0E1D1}.Debug|x64.ActiveCfg = Debug|x64
		{7C1DC713-C867-4E21-AE8E-8C9703B0E1D1}.Debug|x64.Build.0 = Debug|x64
		{7C1DC713-C867-4E21-AE8E-8C9703B0E1D1}.Release|Win32.ActiveCfg = Release|Win32
		{7C1DC713-C867-4E21-AE8E-8C9703B0E1D1}.Release|Win32.Build.0 = Release|Win32
		{7C1DC713-C867-4E21-AE8E-8C9703B0E1D1}.Release|x64.ActiveCfg = Release|x64
		{7C1DC713-C867-4E21-AE8E-8C9703B0E1D1}.Release|x64.Build.0 = Release|x64
		{3F718C5C-D6C9-44C7-8A7F-4A345AC57227}.Debug|Win32.ActiveCfg = Debug|Win32
		{3F718C5C-D6C9-44C7-8A7F-4A345AC57227}.Debug|Win32.Build.0 = Debug|Win32
		{3F718C5C-D6C9-44C7-8A7F-4A345AC57227}.Debug|x64.ActiveCfg = Debug|x64
		{3F718C5C-D6C9-44C7-8A7F-4A345AC57227}.Debug|x64.Build.0 = Debug|x64
		{3F718C5C-D6C9-44C7-8A7F-4A345AC57227}.Release|Win32.ActiveCfg = Release|Win32
		{3F718C5C-D6C9-44C7-8A7F-4A345AC57227}.Release|Win32.Build.0 = Release|Win32
		{3F718C5C-D6C9-44C7-8A7F-4A345AC57227}.Release|x64.ActiveCfg = Release|x64
		{3F718C5C-D6C9-44C7-8A7F-4A345AC57227}.Release|x64.Build.0 = Release|x64
		{507FC581-F426-4AF2-B87E-1129A7F9EE16}.Debug|Win32.ActiveCfg = Debug|Win32
		{507FC581-F426-4AF2-B87E-1129A7F9EE16}.Debug|Win32.Build.0 = Debug|Win32
		{507FC581-F426-4AF2-B87E-1129A7F9EE16}.Debug|x64.ActiveCfg = Debug|x64
		{507FC581-F426-4AF2-B87E-1129A7F9EE16}.Debug|x64.Build.0 = Debug|x64
		{507FC581-F426-4AF2-B87E-1129A7F9EE16}.Release|Win32.ActiveCfg = Release|Win32
		{507FC581-F426-4AF2-B87E-1129A7F9EE16}.Release|Win32.Build.0 = Release|Win32
		{507FC581-F426-4AF2-B87E-1129A7F9EE16}.Release|x64.ActiveCfg = Release|x64
		{507FC581-F426-4AF2-B87E-1129A7F9EE16}.Release|x64.Build.0 = Release|x64
		{5DA7C245-AC09-48E5-BD84-8F8AA31EA660}.Debug|Win32.ActiveCfg = Debug|Win32
		{5DA7C245-AC09-48E5-BD84-8F8AA31EA660}.Debug|Win32.Build.0 = Debug|Win32
		{5DA7C245-AC09-48E5-BD84-8F8AA31EA660}.Debug|x64.ActiveCfg = Debug|x64
		{5DA7C245-AC09-48E5-BD84-8F8AA31EA660}.Debug|x64.Build.0 = Debug|x64
		{5DA7C245-AC09-48E5-BD84-8F8AA31EA660}.Release|Win32.ActiveCfg = Release|Win32
		{5DA7C245-AC09-48E5-BD84-8F8AA31EA660}.Release|Win32.Build.0 = Release|Win32
		{5DA7C245-AC09-48E5-BD84-8F8AA31EA660}.Release|x64.ActiveCfg = Release|x64
		{5DA7C245-AC09-48E5-BD84-8F8AA31EA660}.Release|x64.Build.0 = Release|x64
		{B0640DC5-7972-47B1-AC3C-780330BF038F}.Debug|Win32.ActiveCfg = Debug|Win32
		{B0640DC5-7972-47B1-AC3C-780330BF038F}.Debug|Win32.Build.0 = Debug|Win32
		{B0640DC5-7972-47B1-AC3C-780330BF038F}.Debug|x64.ActiveCfg = Debug|x64
		{B0640DC5-7972-47B1-AC3C-780330BF038F}.Debug|x64.Build.0 = Debug|x64
		{B0640DC5-7972-47B1-AC3C-780330BF038F}.Release|Win32.ActiveCfg = Release|Win32
		{B0640DC5-7972-47B1-AC3C-780330BF038F}.Release|Win32.Build.0 = Release|Win32
		{B0640DC5-7972-47B1-AC3C-780330BF038F}.Release|x64.ActiveCfg = Release|x64
		{B0640DC5-7972-47B1-AC3C-780330BF038F}.Release|x64.Build.0 = Release|x64
		{64A6EA74-E670-4E3A-BB33-0887AB43CCF4}.Debug|Win32.ActiveCfg = Debug|Win32
		{64A6EA74-E670-4E3A-BB33-0887AB43CCF4}.Debug|Win32.Build.0 = Debug|Win32
		{64A6EA74-E670-4E3A-BB33-0887AB43CCF4}.Debug|x64.ActiveCfg = Debug|x64
		{64A6EA74-E670-4E3A-BB33-0887AB43CCF4}.Debug|x64.Build.0 = Debug|x64
		{64A6EA74-E670-4E3A-BB33-0887AB43CCF4}.Release|Win32.ActiveCfg = Release|Win32
		{64A6EA74-E670-4E3A-BB33-0887AB43CCF4}.Release|Win32.Build.0 = Release|Win32
		{64A6EA74-E670-4E3A-BB33-0887AB43CCF4}.Release|x64.ActiveCfg = Release|x64
		{64A6EA74-E670-4E3A-BB33-0887AB43CCF4}.Release|x64.Build.0 = Release|x64
		{DEC1B26C-83D4-4EEE-BA47-9B7CB5F944E1}.Debug|Win32.ActiveCfg = Debug|Win32
		{DEC1B26C-83D4-4EEE-BA47-9B7CB5F944E1}.Debug|Win32.Build.0 = Debug|Win32
		{DEC1B26C-83D4-4EEE-BA47-9B7CB5F944E1}.Debug|x64.ActiveCfg = Debug|x64
		{DEC1B26C-83D4-4EEE-BA47-9B7CB5F944E1}.Debug|x64.Build.0 = Debug|x64
		{DEC1B26C-83D4-4EEE-BA47-9B7CB5F944E1}.Release|Win32.ActiveCfg = Release|Win32
		{DEC1B26C-83D4-4EEE-BA47-9B7CB5F944E1}.Release|Win32.Build.0 = Release|Win32
		{DEC1B26C-83D4-4EEE-BA47-9B7CB5F944E1}.Release|x64.ActiveCfg = Release|x64
		{DEC1B26C-83D4-4EEE-BA47-9B7CB5F944E1}.Release|x64.Build.0 = Release|x64
		{74949EB7-F8A4-4EA4-BB19-B591E4D773EC}.Debug|Win32.ActiveCfg = Debug|Win32
		{74949EB7-F8A4-4EA4-BB19-B591E4D773EC}.Debug|Win32.Build.0 = Debug|Win32
		{74949EB7-F8A4-4EA4-BB19-B591E4D773EC}.Debug|x64.ActiveCfg = Debug|x64
		{74949EB7-F8A4-4EA4-BB19-B591E4D773EC}.Debug|x64.Build.0 = Debug|x64
		{74949EB7-F8A4-4EA4-BB19-B591E4D773EC}.Release|Win32.ActiveCfg = Release|Win32
		{74949EB7-F8A4-4EA4-BB19-B591E4D773EC}.Release|Win32.Build.0 = Release|Win32
		{74949EB7-F8A4-4EA4-BB19-B591E4D773EC}.Release|x64.ActiveCfg = Release|x64
		{74949EB7-F8A4-4EA4-BB19-B591E4D773EC}.Release|x64.Build.0 = Release|x64
		{5BA05CD1-7A7E-417F-9726-16CED772F432}.Debug|Win32.ActiveCfg = Debug|Win32
		{5BA05CD1-7A7E-417F-9726-16CED772F432}.Debug|Win32.Build.0 = Debug|Win32
		{5BA05CD1-7A7E-417F-9726-16CED772F432}.Debug|x64.ActiveCfg = Debug|x64
		{5BA05CD1-7A7E-417F-9726-16CED772F432}.Debug|x64.Build.0 = Debug|x64
		{5BA05CD1-7A7E-417F-9726-16CED772F432}.Release|Win32.ActiveCfg = Release|Win32
		{5BA05CD1-7A7E-417F-9726-16CED772F432}.Release|Win32.Build.0 = Release|Win32
		{5BA05CD1-7A7E-417F-9726-16CED772F432}.Release|x64.ActiveCfg = Release|x64
		{5BA05CD1-7A7E-417F-9726-16CED772F432}.Release|x64.Build.0 = Release|x64
		{B6DD6DBC-AF68-47E7-81F0-2C4EF7BA8B6F}.Debug|Win32.ActiveCfg = Debug|Win32
		{B6DD6DBC-AF68-47E7-81F0-2C4EF7BA8B6F}.Debug|Win32.Build.0 = Debug|Win32
		{B6DD6DBC-AF68-47E7-81F0-2C4EF7BA8B6F}.Debug|x64.ActiveCfg = Debug|x64
		{B6DD6DBC-AF68-47E7-81F0-2C4EF7BA8B6F}.Debug|x64.Build.0 = Debug|x64
		{B6DD6DBC-AF68-47E7-81F0-2C4EF7BA8B6F}.Release|Win32.ActiveCfg = Release|Win32
		{B6DD6DBC-AF68-47E7-81F0-2C4EF7BA8B6F}.Release|Win32.Build.0 = Release|Win32
		{B6DD6DBC-AF68-47E7-81F0-2C4EF7BA8B6F}.Release|x64.ActiveCfg = Release|x64
		{B6DD6DBC-AF68-47E7-81F0-2C4EF7BA8B6F}.Release|x64.Build.0 = Release|x64
		{641D1827-506D-4D37-A1A1-8BFB6F6A9999}.Debug|Win32.ActiveCfg = Debug|Win32
		{641D1827-506D-4D37-A1A1-8BFB6F6A9999}.Debug|Win32.Build.0 = Debug|Win32
		{641D1827-506D-4D37-A1A1-8BFB6F6A9999}.Debug|x64.ActiveCfg = Debug|x64
		{641D1827-506D-4D37-A1A1-8BFB6F6A9999}.Debug|x64.Build.0 = Debug|x64
		{641D1827-506D-4D37-A1A1-8BFB6F6A9999}.Release|Win32.ActiveCfg = Release|Win32
		{641D1827-506D-4D37-A1A1-8BFB6F6A9999}.Release|Win32.Build.0 = Release|Win32
		{641D1827-506D-4D37-A1A1-8BFB6F6A9999}.Release|x64.ActiveCfg = Release|x64
		{641D1827-506D-4D37-A1A1-8BFB6F6A9999}.Release|x64.Build.0 = Release|x64
		{EC56648B-C739-4156-BF08-E612F59531CE}.Debug|Win32.ActiveCfg = Debug|Win32
		{EC56648B-C739-4156-BF08-E612F59531CE}.Debug|Win32.Build.0 = Debug|Win32
		{EC56648B-C739-4156-BF08-E612F59531CE}.Debug|x64.ActiveCfg = Debug|x64
		{EC56648B-C739-4156-BF08-E612F59531CE}.Debug|x64.Build.0 = Debug|x64
		{EC56648B-C739-4156-BF08-E612F59531CE}.Release|Win32.ActiveCfg = Release|Win32
		{EC56648B-C739-4156-BF08-E612F59531CE}.Release|Win32.Build.0 = Release|Win32
		{EC56648B-C739-4156-BF08-E612F59531CE}.Release|x64.ActiveCfg = Release|x64
		{EC56648B-C739-4156-BF08-E612F59531CE}.Release|x64.Build.0 = Release|x64
		{03ED8F23-679E-442C-96A0-A8B6F163C27F}.Debug|Win32.ActiveCfg = Debug|Win32
		{03ED8F23-679E-442C-96A0-A8B6F163C27F}.Debug|Win32.Build.0 = Debug|Win32
		{03ED8F23-679E-442C-96A0-A8B6F163C27F}.Debug|x64.ActiveCfg = Debug|x64
		{03ED8F23-679E-442C-96A0-A8B6F163C27F}.Debug|x64.Build.0 = Debug|x64
		{03ED8F23-679E-442C-96A0-A8B6F163C27F}.Release|Win32.ActiveCfg = Release|Win32
		{03ED8F23-679E-442C-96A0-A8B6F163C27F}.Release|Win32.Build.0 = Release|Win32
		{03ED8F23-679E-442C-96A0-A8B6F163C27F}.Release|x64.ActiveCfg = Release|x64
		{03ED8F23-679E-442C-96A0-A8B6F163C27F}.Release|x64.Build.0 = Release|x64
		{95CE5FBF-304E-4233-9D4B-D1E34A86732E}.Debug|Win32.ActiveCfg = Debug|Win32
		{95CE5FBF-304E-4233-9D4B-D1E34A86732E}.Debug|Win32.Build.0 = Debug|Win32
		{95CE5FBF-304E-4233-9D4B-D1E34A86732E}.Debug|x64.ActiveCfg = Debug|x64
		{95CE5FBF-304E-4233-9D4B-D1E34A86732E}.Debug|x64.Build.0 = Debug|x64
		{95CE5FBF-304E-4233-9D4B-D1E34A86732E}.Release|Win32.ActiveCfg = Release|Win32
		{95CE5FBF-304E-4233-9D4B-D1E34A86732E}.Release|Win32.Build.0 = Release|Win32
		{95CE5FBF-304E-4233-9D4B-D1E34A86732E}.Release|x64.ActiveCfg = Release|x64
		{95CE5FBF-304E-4233-9D4B-D1E34A86732E}.Release|x64.Build.0 = Release|x64
		{F46AAF90-CC87-4052-9200-E66943B90DCE}.Debug|Win32.ActiveCfg = Debug|Win32
		{F46AAF90-CC87-4052-9200-E66943B90DCE}.Debug|Win32.Build.0 = Debug|Win32
		{F46AAF90-CC87-4052-9200-E66943B90DCE}.Debug|x64.ActiveCfg = Debug|x64
		{F46AAF90-CC87-4052-9200-E66943B90DCE}.Debug|x64.Build.0 = Debug|x64
		{F46AAF90-CC87-4052-9200-E66943B90DCE}.Release|Win32.ActiveCfg = Release|Win32
		{F46AAF90-CC87-4052-9200-E66943B90DCE}.Release|Win32.Build.0 = Release|Win32
		{F46AAF90-CC87-4052-9200-E66943B90DCE}.Release|x64.ActiveCfg = Release|x64
		{F46AAF90-CC87-4052-9200-E66943B90DCE}.Release|x64.Build.0 = Release|x64
		{002D0F84-668C-4677-9871-EB3E27D2737B}.Debug|Win32.ActiveCfg = Debug|Win32
		{002D0F84-668C-4677-9871-EB3E27D2737B}.Debug|Win32.Build.0 = Debug|Win32
		{002D0F84-668C-4677-9871-EB3E27D2737B}.Debug|x64.ActiveCfg = Debug|x64
		{002D0F84-668C-4677-9871-EB3E27D2737B}.Debug|x64.Build.0 = Debug|x64
		{002D0F84-668C-4677-9871-EB3E27D2737B}.Release|Win32.ActiveCfg = Release|Win32
		{002D0F84-668C-4677-9871-EB3E27D2737B}.Release|Win32.Build.0 = Release|Win32
		{002D0F84-668C-4677-9871-EB3E27D2737B}.Release|x64.ActiveCfg = Release|x64
		{002D0F84-668C-4677-9871-EB3E27D2737B}.Release|x64.Build.0 = Release|x64
		{37A3C578-8934-452E-96DA-749B091410A7}.Debug|Win32.ActiveCfg = Debug|Win32
		{37A3C578-8934-452E-96DA-749B091410A7}.Debug|Win32.Build.0 = Debug|Win32
		{37A3C578-8934-452E-96DA-749B091410A7}.Debug|x64.ActiveCfg = Debug|x64
		{37A3C578-8934-452E-96DA-749B091410A7}.Debug|x64.Build.0 = Debug|x64
		{37A3C578-8934-452E-96DA-749B091410A7}.Release|Win32.ActiveCfg = Release|Win32
		{37A3C578-8934-452E-96DA-749B091410A7}.Release|Win32.Build.0 = Release|Win32
		{37A3C578-8934-452E-96DA-749B091410A7}.Release|x64.ActiveCfg = Release|x64
		{37A3C578-8934-452E-96DA-749B091410A7}.Release|x64.Build.0 = Release|x64
		{084264B2-366E-4FDF-906A-104C8FC8B4FD}.Debug|Win32.ActiveCfg = Debug|Win32
		{084264B2-366E-4FDF-906A-104C8FC8B4FD}.Debug|Win32.Build.0 = Debug|Win32
		{084264B2-366E-4FDF-906A-104C8FC8B4FD}.Debug|x64.ActiveCfg = Debug|x64
		{084264B2-366E-4FDF-906A-104C8FC8B4FD}.Debug|x64.Build.0 = Debug|x64
		{084264B2-366E-4FDF-906A-104C8FC8B4FD}.Release|Win32.ActiveCfg = Release|Win32
		{084264B2-366E-4FDF-906A-104C8FC8B4FD}.Release|Win32.Build.0 = Release|Win32
		{084264B2-366E-4FDF-906A-104C8FC8B4FD}.Release|x64.ActiveCfg = Release|x64
		{084264B2-366E-4FDF-906A-104C8FC8B4FD}.Release|x64.Build.0 = Release|x64
		{C8958A31-FE35-4CC3-95CF-AED7EF484C21}.Debug|Win32.ActiveCfg = Debug|Win32
		{C8958A31-FE35-4CC3-95CF-AED7EF484C21}.Debug|Win32.Build.0 = Debug|Win32
		{C8958A31-FE35-4CC3-95CF-AED7EF484C21}.Debug|x64.ActiveCfg = Debug|x64
		{C8958A31-FE35-4CC3-95CF-AED7EF484C21}.Debug|x64.Build.0 = Debug|x64
		{C8958A31-FE35-4CC3-95CF-AED7EF484C21}.Release|Win32.ActiveCfg = Release|Win32
		{C8958A31-FE35-4CC3-95CF-AED7EF484C21}.Release|Win32.Build.0 = Release|Win32
		{C8958A31-FE35-4CC3-95CF-AED7EF484C21}.Release|x64.ActiveCfg = Release|x64
		{C8958A31-FE35-4CC3-95CF-AED7EF484C21}.Release|x64.Build.0 = Release|x64
		{956B1D57-8246-489B-BF41-F6F4E87D9BC5}.Debug|Win32.ActiveCfg = Debug|Win32
		{956B1D57-8246-489B-BF41-F6F4E87D9BC5}.Debug|Win32.Build.0 = Debug|Win32
		{956B1D57-8246-489B-BF41-F6F4E87D9BC5}.Debug|x64.ActiveCfg = Debug|x64
		{956B1D57-8246-489B-BF41-F6F4E87D9BC5}.Debug|x64.Build.0 = Debug|x64
		{956B1D57-8246-489B-BF41-F6F4E87D9BC5}.Release|Win32.ActiveCfg = Release|Win32
		{956B1D57-8246-489B-BF41-F6F4E87D9BC5}.Release|Win32.Build.0 = Release|Win32
		{956B1D57-8246-489B-BF41-F6F4E87D9BC5}.Release|x64.ActiveCfg = Release|x64
		{956B1D57-8246-489B-BF41-F6F4E87D9BC5}.Release|x64.Build.0 = Release|x64
		{582153D0-D19A-423A-9BD5-CCA41B93BA52}.Debug|Win32.ActiveCfg = Debug|Win32
		{582153D0-D19A-423A-9BD5-CCA41B93BA52}.Debug|Win32.Build.0 = Debug|Win32
		{582153D0-D19A-423A-9BD5-CCA41B93BA52}.Debug|x64.ActiveCfg = Debug|x64
		{582153D0-D19A-423A-9BD5-CCA41B93BA52}.Debug|x64.Build.0 = Debug|x64
		{582153D0-D19A-423A-9BD5-CCA41B93BA52}.Release|Win32.ActiveCfg = Release|Win32
		{582153D0-D19A-423A-9BD5-CCA41B93BA52}.Release|Win32.Build.0 = Release|Win32
		{582153D0-D19A-423A-9BD5-CCA41B93BA52}.Release|x64.ActiveCfg = Release|x64
		{582153D0-D19A-423A-9BD5-CCA41B93BA52}.Release|x64.Build.0 = Release|x64
		{00A3AB01-A140-40F8-A805-FD5E4BCC5F32}.Debug|Win32.ActiveCfg = Debug|Win32
		{00A3AB01-A140-40F8-A805-FD5E4BCC5F32}.Debug|Win32.Build.0 = Debug|Win32
		{00A3AB01-A140-40F8-A805-FD5E4BCC5F32}.Debug|x64.ActiveCfg = Debug|x64
		{00A3AB01-A140-40F8-A805-FD5E4BCC5F32}.Debug|x64.Build.0 = Debug|x64
		{00A3AB01-A140-40F8-A805-FD5E4BCC5F32}.Release|Win32.ActiveCfg = Release|Win32
		{00A3AB01-A140-40F8-A805-FD5E4BCC5F32}.Release|Win32.Build.0 = Release|Win32
		{00A3AB01-A140-40F8-A805-FD5E4BCC5F32}.Release|x64.ActiveCfg = Release|x64
		{00A3AB01-A140-40F8-A805-FD5E4BCC5F32}.Release|x64.Build.0 = Release|x64
		{73947E0E-A5B6-42FD-8EB4-A9824BD70EF3}.Debug|Win32.ActiveCfg = Debug|Win32
		{73947E0E-A5B6-42FD-8EB4-A9824BD70EF3}.Debug|Win32.Build.0 = Debug|Win32
		{73947E0E-A5B6-42FD-8EB4-A9824BD70EF3}.Debug|x64.ActiveCfg = Debug|x64
		{73947E0E-A5B6-42FD-8EB4-A9824BD70EF3}.Debug|x64.Build.0 = Debug|x64
		{73947E0E-A5B6-42FD-8EB4-A9824BD70EF3}.Release|Win32.ActiveCfg = Release|Win32
		{73947E0E-A5B6-42FD-8EB4-A9824BD70EF3}.Release|Win32.Build.0 = Release|Win32
		{73947E0E-A5B6-42FD-8EB4-A9824BD70EF3}.Release|x64.ActiveCfg = Release|x64
		{73947E0E-A5B6-42FD-8EB4-A9824BD70EF3}.Release|x64.Build.0 = Release|x64
	EndGlobalSection
EndGlobal
